// !$*UTF8*$!
{
	archiveVersion = 1;
	classes = {
	};
	objectVersion = 46;
	objects = {

/* Begin PBXBuildFile section */
		3F70DFE51C0DFF28003B36D2 /* AppDelegate.swift in Sources */ = {isa = PBXBuildFile; fileRef = 3F70DFE41C0DFF28003B36D2 /* AppDelegate.swift */; };
		3F70DFE71C0DFF28003B36D2 /* ViewController.swift in Sources */ = {isa = PBXBuildFile; fileRef = 3F70DFE61C0DFF28003B36D2 /* ViewController.swift */; };
		3F70DFEA1C0DFF28003B36D2 /* Main.storyboard in Resources */ = {isa = PBXBuildFile; fileRef = 3F70DFE81C0DFF28003B36D2 /* Main.storyboard */; };
		3F70DFEC1C0DFF28003B36D2 /* Assets.xcassets in Resources */ = {isa = PBXBuildFile; fileRef = 3F70DFEB1C0DFF28003B36D2 /* Assets.xcassets */; };
		3F70DFEF1C0DFF28003B36D2 /* LaunchScreen.storyboard in Resources */ = {isa = PBXBuildFile; fileRef = 3F70DFED1C0DFF28003B36D2 /* LaunchScreen.storyboard */; };
		3F70DFFA1C0DFF28003B36D2 /* guitarTeacher_finalProjectTests.swift in Sources */ = {isa = PBXBuildFile; fileRef = 3F70DFF91C0DFF28003B36D2 /* guitarTeacher_finalProjectTests.swift */; };
		3F70E0051C0DFF28003B36D2 /* guitarTeacher_finalProjectUITests.swift in Sources */ = {isa = PBXBuildFile; fileRef = 3F70E0041C0DFF28003B36D2 /* guitarTeacher_finalProjectUITests.swift */; };
/* End PBXBuildFile section */

/* Begin PBXContainerItemProxy section */
		3F70DFF61C0DFF28003B36D2 /* PBXContainerItemProxy */ = {
			isa = PBXContainerItemProxy;
			containerPortal = 3F70DFD91C0DFF27003B36D2 /* Project object */;
			proxyType = 1;
			remoteGlobalIDString = 3F70DFE01C0DFF27003B36D2;
			remoteInfo = guitarTeacher.finalProject;
		};
		3F70E0011C0DFF28003B36D2 /* PBXContainerItemProxy */ = {
			isa = PBXContainerItemProxy;
			containerPortal = 3F70DFD91C0DFF27003B36D2 /* Project object */;
			proxyType = 1;
			remoteGlobalIDString = 3F70DFE01C0DFF27003B36D2;
			remoteInfo = guitarTeacher.finalProject;
		};
/* End PBXContainerItemProxy section */

/* Begin PBXFileReference section */
		3F70DFE11C0DFF27003B36D2 /* guitarTeacher.finalProject.app */ = {isa = PBXFileReference; explicitFileType = wrapper.application; includeInIndex = 0; path = guitarTeacher.finalProject.app; sourceTree = BUILT_PRODUCTS_DIR; };
		3F70DFE41C0DFF28003B36D2 /* AppDelegate.swift */ = {isa = PBXFileReference; lastKnownFileType = sourcecode.swift; path = AppDelegate.swift; sourceTree = "<group>"; };
		3F70DFE61C0DFF28003B36D2 /* ViewController.swift */ = {isa = PBXFileReference; lastKnownFileType = sourcecode.swift; path = ViewController.swift; sourceTree = "<group>"; };
		3F70DFE91C0DFF28003B36D2 /* Base */ = {isa = PBXFileReference; lastKnownFileType = file.storyboard; name = Base; path = Base.lproj/Main.storyboard; sourceTree = "<group>"; };
		3F70DFEB1C0DFF28003B36D2 /* Assets.xcassets */ = {isa = PBXFileReference; lastKnownFileType = folder.assetcatalog; path = Assets.xcassets; sourceTree = "<group>"; };
		3F70DFEE1C0DFF28003B36D2 /* Base */ = {isa = PBXFileReference; lastKnownFileType = file.storyboard; name = Base; path = Base.lproj/LaunchScreen.storyboard; sourceTree = "<group>"; };
		3F70DFF01C0DFF28003B36D2 /* Info.plist */ = {isa = PBXFileReference; lastKnownFileType = text.plist.xml; path = Info.plist; sourceTree = "<group>"; };
		3F70DFF51C0DFF28003B36D2 /* guitarTeacher.finalProjectTests.xctest */ = {isa = PBXFileReference; explicitFileType = wrapper.cfbundle; includeInIndex = 0; path = guitarTeacher.finalProjectTests.xctest; sourceTree = BUILT_PRODUCTS_DIR; };
		3F70DFF91C0DFF28003B36D2 /* guitarTeacher_finalProjectTests.swift */ = {isa = PBXFileReference; lastKnownFileType = sourcecode.swift; path = guitarTeacher_finalProjectTests.swift; sourceTree = "<group>"; };
		3F70DFFB1C0DFF28003B36D2 /* Info.plist */ = {isa = PBXFileReference; lastKnownFileType = text.plist.xml; path = Info.plist; sourceTree = "<group>"; };
		3F70E0001C0DFF28003B36D2 /* guitarTeacher.finalProjectUITests.xctest */ = {isa = PBXFileReference; explicitFileType = wrapper.cfbundle; includeInIndex = 0; path = guitarTeacher.finalProjectUITests.xctest; sourceTree = BUILT_PRODUCTS_DIR; };
		3F70E0041C0DFF28003B36D2 /* guitarTeacher_finalProjectUITests.swift */ = {isa = PBXFileReference; lastKnownFileType = sourcecode.swift; path = guitarTeacher_finalProjectUITests.swift; sourceTree = "<group>"; };
		3F70E0061C0DFF28003B36D2 /* Info.plist */ = {isa = PBXFileReference; lastKnownFileType = text.plist.xml; path = Info.plist; sourceTree = "<group>"; };
/* End PBXFileReference section */

/* Begin PBXFrameworksBuildPhase section */
		3F70DFDE1C0DFF27003B36D2 /* Frameworks */ = {
			isa = PBXFrameworksBuildPhase;
			buildActionMask = 2147483647;
			files = (
			);
			runOnlyForDeploymentPostprocessing = 0;
		};
		3F70DFF21C0DFF28003B36D2 /* Frameworks */ = {
			isa = PBXFrameworksBuildPhase;
			buildActionMask = 2147483647;
			files = (
			);
			runOnlyForDeploymentPostprocessing = 0;
		};
		3F70DFFD1C0DFF28003B36D2 /* Frameworks */ = {
			isa = PBXFrameworksBuildPhase;
			buildActionMask = 2147483647;
			files = (
			);
			runOnlyForDeploymentPostprocessing = 0;
		};
/* End PBXFrameworksBuildPhase section */

/* Begin PBXGroup section */
		3F70DFD81C0DFF27003B36D2 = {
			isa = PBXGroup;
			children = (
				3F70DFE31C0DFF27003B36D2 /* guitarTeacher.finalProject */,
				3F70DFF81C0DFF28003B36D2 /* guitarTeacher.finalProjectTests */,
				3F70E0031C0DFF28003B36D2 /* guitarTeacher.finalProjectUITests */,
				3F70DFE21C0DFF27003B36D2 /* Products */,
			);
			sourceTree = "<group>";
		};
		3F70DFE21C0DFF27003B36D2 /* Products */ = {
			isa = PBXGroup;
			children = (
				3F70DFE11C0DFF27003B36D2 /* guitarTeacher.finalProject.app */,
				3F70DFF51C0DFF28003B36D2 /* guitarTeacher.finalProjectTests.xctest */,
				3F70E0001C0DFF28003B36D2 /* guitarTeacher.finalProjectUITests.xctest */,
			);
			name = Products;
			sourceTree = "<group>";
		};
		3F70DFE31C0DFF27003B36D2 /* guitarTeacher.finalProject */ = {
			isa = PBXGroup;
			children = (
				3F70DFE41C0DFF28003B36D2 /* AppDelegate.swift */,
				3F70DFE61C0DFF28003B36D2 /* ViewController.swift */,
				3F70DFE81C0DFF28003B36D2 /* Main.storyboard */,
				3F70DFEB1C0DFF28003B36D2 /* Assets.xcassets */,
				3F70DFED1C0DFF28003B36D2 /* LaunchScreen.storyboard */,
				3F70DFF01C0DFF28003B36D2 /* Info.plist */,
			);
			path = guitarTeacher.finalProject;
			sourceTree = "<group>";
		};
		3F70DFF81C0DFF28003B36D2 /* guitarTeacher.finalProjectTests */ = {
			isa = PBXGroup;
			children = (
				3F70DFF91C0DFF28003B36D2 /* guitarTeacher_finalProjectTests.swift */,
				3F70DFFB1C0DFF28003B36D2 /* Info.plist */,
			);
			path = guitarTeacher.finalProjectTests;
			sourceTree = "<group>";
		};
		3F70E0031C0DFF28003B36D2 /* guitarTeacher.finalProjectUITests */ = {
			isa = PBXGroup;
			children = (
				3F70E0041C0DFF28003B36D2 /* guitarTeacher_finalProjectUITests.swift */,
				3F70E0061C0DFF28003B36D2 /* Info.plist */,
			);
			path = guitarTeacher.finalProjectUITests;
			sourceTree = "<group>";
		};
/* End PBXGroup section */

/* Begin PBXNativeTarget section */
		3F70DFE01C0DFF27003B36D2 /* guitarTeacher.finalProject */ = {
			isa = PBXNativeTarget;
			buildConfigurationList = 3F70E0091C0DFF28003B36D2 /* Build configuration list for PBXNativeTarget "guitarTeacher.finalProject" */;
			buildPhases = (
				3F70DFDD1C0DFF27003B36D2 /* Sources */,
				3F70DFDE1C0DFF27003B36D2 /* Frameworks */,
				3F70DFDF1C0DFF27003B36D2 /* Resources */,
			);
			buildRules = (
			);
			dependencies = (
			);
			name = guitarTeacher.finalProject;
			productName = guitarTeacher.finalProject;
			productReference = 3F70DFE11C0DFF27003B36D2 /* guitarTeacher.finalProject.app */;
			productType = "com.apple.product-type.application";
		};
		3F70DFF41C0DFF28003B36D2 /* guitarTeacher.finalProjectTests */ = {
			isa = PBXNativeTarget;
			buildConfigurationList = 3F70E00C1C0DFF28003B36D2 /* Build configuration list for PBXNativeTarget "guitarTeacher.finalProjectTests" */;
			buildPhases = (
				3F70DFF11C0DFF28003B36D2 /* Sources */,
				3F70DFF21C0DFF28003B36D2 /* Frameworks */,
				3F70DFF31C0DFF28003B36D2 /* Resources */,
			);
			buildRules = (
			);
			dependencies = (
				3F70DFF71C0DFF28003B36D2 /* PBXTargetDependency */,
			);
			name = guitarTeacher.finalProjectTests;
			productName = guitarTeacher.finalProjectTests;
			productReference = 3F70DFF51C0DFF28003B36D2 /* guitarTeacher.finalProjectTests.xctest */;
			productType = "com.apple.product-type.bundle.unit-test";
		};
		3F70DFFF1C0DFF28003B36D2 /* guitarTeacher.finalProjectUITests */ = {
			isa = PBXNativeTarget;
			buildConfigurationList = 3F70E00F1C0DFF28003B36D2 /* Build configuration list for PBXNativeTarget "guitarTeacher.finalProjectUITests" */;
			buildPhases = (
				3F70DFFC1C0DFF28003B36D2 /* Sources */,
				3F70DFFD1C0DFF28003B36D2 /* Frameworks */,
				3F70DFFE1C0DFF28003B36D2 /* Resources */,
			);
			buildRules = (
			);
			dependencies = (
				3F70E0021C0DFF28003B36D2 /* PBXTargetDependency */,
			);
			name = guitarTeacher.finalProjectUITests;
			productName = guitarTeacher.finalProjectUITests;
			productReference = 3F70E0001C0DFF28003B36D2 /* guitarTeacher.finalProjectUITests.xctest */;
			productType = "com.apple.product-type.bundle.ui-testing";
		};
/* End PBXNativeTarget section */

/* Begin PBXProject section */
		3F70DFD91C0DFF27003B36D2 /* Project object */ = {
			isa = PBXProject;
			attributes = {
				LastUpgradeCheck = 0700;
				ORGANIZATIONNAME = Valerie;
				TargetAttributes = {
					3F70DFE01C0DFF27003B36D2 = {
						CreatedOnToolsVersion = 7.0.1;
						DevelopmentTeam = M7ECEA2P69;
					};
					3F70DFF41C0DFF28003B36D2 = {
						CreatedOnToolsVersion = 7.0.1;
						DevelopmentTeam = M7ECEA2P69;
						TestTargetID = 3F70DFE01C0DFF27003B36D2;
					};
					3F70DFFF1C0DFF28003B36D2 = {
						CreatedOnToolsVersion = 7.0.1;
						DevelopmentTeam = M7ECEA2P69;
						TestTargetID = 3F70DFE01C0DFF27003B36D2;
					};
				};
			};
			buildConfigurationList = 3F70DFDC1C0DFF27003B36D2 /* Build configuration list for PBXProject "guitarTeacher.finalProject" */;
			compatibilityVersion = "Xcode 3.2";
			developmentRegion = English;
			hasScannedForEncodings = 0;
			knownRegions = (
				en,
				Base,
			);
			mainGroup = 3F70DFD81C0DFF27003B36D2;
			productRefGroup = 3F70DFE21C0DFF27003B36D2 /* Products */;
			projectDirPath = "";
			projectRoot = "";
			targets = (
				3F70DFE01C0DFF27003B36D2 /* guitarTeacher.finalProject */,
				3F70DFF41C0DFF28003B36D2 /* guitarTeacher.finalProjectTests */,
				3F70DFFF1C0DFF28003B36D2 /* guitarTeacher.finalProjectUITests */,
			);
		};
/* End PBXProject section */

/* Begin PBXResourcesBuildPhase section */
		3F70DFDF1C0DFF27003B36D2 /* Resources */ = {
			isa = PBXResourcesBuildPhase;
			buildActionMask = 2147483647;
			files = (
				3F70DFEF1C0DFF28003B36D2 /* LaunchScreen.storyboard in Resources */,
				3F70DFEC1C0DFF28003B36D2 /* Assets.xcassets in Resources */,
				3F70DFEA1C0DFF28003B36D2 /* Main.storyboard in Resources */,
			);
			runOnlyForDeploymentPostprocessing = 0;
		};
		3F70DFF31C0DFF28003B36D2 /* Resources */ = {
			isa = PBXResourcesBuildPhase;
			buildActionMask = 2147483647;
			files = (
			);
			runOnlyForDeploymentPostprocessing = 0;
		};
		3F70DFFE1C0DFF28003B36D2 /* Resources */ = {
			isa = PBXResourcesBuildPhase;
			buildActionMask = 2147483647;
			files = (
			);
			runOnlyForDeploymentPostprocessing = 0;
		};
/* End PBXResourcesBuildPhase section */

/* Begin PBXSourcesBuildPhase section */
		3F70DFDD1C0DFF27003B36D2 /* Sources */ = {
			isa = PBXSourcesBuildPhase;
			buildActionMask = 2147483647;
			files = (
				3F70DFE71C0DFF28003B36D2 /* ViewController.swift in Sources */,
				3F70DFE51C0DFF28003B36D2 /* AppDelegate.swift in Sources */,
			);
			runOnlyForDeploymentPostprocessing = 0;
		};
		3F70DFF11C0DFF28003B36D2 /* Sources */ = {
			isa = PBXSourcesBuildPhase;
			buildActionMask = 2147483647;
			files = (
				3F70DFFA1C0DFF28003B36D2 /* guitarTeacher_finalProjectTests.swift in Sources */,
			);
			runOnlyForDeploymentPostprocessing = 0;
		};
		3F70DFFC1C0DFF28003B36D2 /* Sources */ = {
			isa = PBXSourcesBuildPhase;
			buildActionMask = 2147483647;
			files = (
				3F70E0051C0DFF28003B36D2 /* guitarTeacher_finalProjectUITests.swift in Sources */,
			);
			runOnlyForDeploymentPostprocessing = 0;
		};
/* End PBXSourcesBuildPhase section */

/* Begin PBXTargetDependency section */
		3F70DFF71C0DFF28003B36D2 /* PBXTargetDependency */ = {
			isa = PBXTargetDependency;
			target = 3F70DFE01C0DFF27003B36D2 /* guitarTeacher.finalProject */;
			targetProxy = 3F70DFF61C0DFF28003B36D2 /* PBXContainerItemProxy */;
		};
		3F70E0021C0DFF28003B36D2 /* PBXTargetDependency */ = {
			isa = PBXTargetDependency;
			target = 3F70DFE01C0DFF27003B36D2 /* guitarTeacher.finalProject */;
			targetProxy = 3F70E0011C0DFF28003B36D2 /* PBXContainerItemProxy */;
		};
/* End PBXTargetDependency section */

/* Begin PBXVariantGroup section */
		3F70DFE81C0DFF28003B36D2 /* Main.storyboard */ = {
			isa = PBXVariantGroup;
			children = (
				3F70DFE91C0DFF28003B36D2 /* Base */,
			);
			name = Main.storyboard;
			sourceTree = "<group>";
		};
		3F70DFED1C0DFF28003B36D2 /* LaunchScreen.storyboard */ = {
			isa = PBXVariantGroup;
			children = (
				3F70DFEE1C0DFF28003B36D2 /* Base */,
			);
			name = LaunchScreen.storyboard;
			sourceTree = "<group>";
		};
/* End PBXVariantGroup section */

/* Begin XCBuildConfiguration section */
		3F70E0071C0DFF28003B36D2 /* Debug */ = {
			isa = XCBuildConfiguration;
			buildSettings = {
				ALWAYS_SEARCH_USER_PATHS = NO;
				CLANG_CXX_LANGUAGE_STANDARD = "gnu++0x";
				CLANG_CXX_LIBRARY = "libc++";
				CLANG_ENABLE_MODULES = YES;
				CLANG_ENABLE_OBJC_ARC = YES;
				CLANG_WARN_BOOL_CONVERSION = YES;
				CLANG_WARN_CONSTANT_CONVERSION = YES;
				CLANG_WARN_DIRECT_OBJC_ISA_USAGE = YES_ERROR;
				CLANG_WARN_EMPTY_BODY = YES;
				CLANG_WARN_ENUM_CONVERSION = YES;
				CLANG_WARN_INT_CONVERSION = YES;
				CLANG_WARN_OBJC_ROOT_CLASS = YES_ERROR;
				CLANG_WARN_UNREACHABLE_CODE = YES;
				CLANG_WARN__DUPLICATE_METHOD_MATCH = YES;
				"CODE_SIGN_IDENTITY[sdk=iphoneos*]" = "iPhone Developer";
				COPY_PHASE_STRIP = NO;
				DEBUG_INFORMATION_FORMAT = dwarf;
				ENABLE_STRICT_OBJC_MSGSEND = YES;
				ENABLE_TESTABILITY = YES;
				GCC_C_LANGUAGE_STANDARD = gnu99;
				GCC_DYNAMIC_NO_PIC = NO;
				GCC_NO_COMMON_BLOCKS = YES;
				GCC_OPTIMIZATION_LEVEL = 0;
				GCC_PREPROCESSOR_DEFINITIONS = (
					"DEBUG=1",
					"$(inherited)",
				);
				GCC_WARN_64_TO_32_BIT_CONVERSION = YES;
				GCC_WARN_ABOUT_RETURN_TYPE = YES_ERROR;
				GCC_WARN_UNDECLARED_SELECTOR = YES;
				GCC_WARN_UNINITIALIZED_AUTOS = YES_AGGRESSIVE;
				GCC_WARN_UNUSED_FUNCTION = YES;
				GCC_WARN_UNUSED_VARIABLE = YES;
				IPHONEOS_DEPLOYMENT_TARGET = 9.0;
				MTL_ENABLE_DEBUG_INFO = YES;
				ONLY_ACTIVE_ARCH = YES;
				SDKROOT = iphoneos;
				SWIFT_OPTIMIZATION_LEVEL = "-Onone";
				TARGETED_DEVICE_FAMILY = "1,2";
			};
			name = Debug;
		};
		3F70E0081C0DFF28003B36D2 /* Release */ = {
			isa = XCBuildConfiguration;
			buildSettings = {
				ALWAYS_SEARCH_USER_PATHS = NO;
				CLANG_CXX_LANGUAGE_STANDARD = "gnu++0x";
				CLANG_CXX_LIBRARY = "libc++";
				CLANG_ENABLE_MODULES = YES;
				CLANG_ENABLE_OBJC_ARC = YES;
				CLANG_WARN_BOOL_CONVERSION = YES;
				CLANG_WARN_CONSTANT_CONVERSION = YES;
				CLANG_WARN_DIRECT_OBJC_ISA_USAGE = YES_ERROR;
				CLANG_WARN_EMPTY_BODY = YES;
				CLANG_WARN_ENUM_CONVERSION = YES;
				CLANG_WARN_INT_CONVERSION = YES;
				CLANG_WARN_OBJC_ROOT_CLASS = YES_ERROR;
				CLANG_WARN_UNREACHABLE_CODE = YES;
				CLANG_WARN__DUPLICATE_METHOD_MATCH = YES;
				"CODE_SIGN_IDENTITY[sdk=iphoneos*]" = "iPhone Developer";
				COPY_PHASE_STRIP = NO;
				DEBUG_INFORMATION_FORMAT = "dwarf-with-dsym";
				ENABLE_NS_ASSERTIONS = NO;
				ENABLE_STRICT_OBJC_MSGSEND = YES;
				GCC_C_LANGUAGE_STANDARD = gnu99;
				GCC_NO_COMMON_BLOCKS = YES;
				GCC_WARN_64_TO_32_BIT_CONVERSION = YES;
				GCC_WARN_ABOUT_RETURN_TYPE = YES_ERROR;
				GCC_WARN_UNDECLARED_SELECTOR = YES;
				GCC_WARN_UNINITIALIZED_AUTOS = YES_AGGRESSIVE;
				GCC_WARN_UNUSED_FUNCTION = YES;
				GCC_WARN_UNUSED_VARIABLE = YES;
				IPHONEOS_DEPLOYMENT_TARGET = 9.0;
				MTL_ENABLE_DEBUG_INFO = NO;
				SDKROOT = iphoneos;
				TARGETED_DEVICE_FAMILY = "1,2";
				VALIDATE_PRODUCT = YES;
			};
			name = Release;
		};
		3F70E00A1C0DFF28003B36D2 /* Debug */ = {
			isa = XCBuildConfiguration;
			buildSettings = {
				ASSETCATALOG_COMPILER_APPICON_NAME = AppIcon;
				INFOPLIST_FILE = guitarTeacher.finalProject/Info.plist;
				LD_RUNPATH_SEARCH_PATHS = "$(inherited) @executable_path/Frameworks";
				PRODUCT_BUNDLE_IDENTIFIER = "Valerie.guitarTeacher-finalProject";
				PRODUCT_NAME = "$(TARGET_NAME)";
			};
			name = Debug;
		};
		3F70E00B1C0DFF28003B36D2 /* Release */ = {
			isa = XCBuildConfiguration;
			buildSettings = {
				ASSETCATALOG_COMPILER_APPICON_NAME = AppIcon;
				INFOPLIST_FILE = guitarTeacher.finalProject/Info.plist;
				LD_RUNPATH_SEARCH_PATHS = "$(inherited) @executable_path/Frameworks";
				PRODUCT_BUNDLE_IDENTIFIER = "Valerie.guitarTeacher-finalProject";
				PRODUCT_NAME = "$(TARGET_NAME)";
			};
			name = Release;
		};
		3F70E00D1C0DFF28003B36D2 /* Debug */ = {
			isa = XCBuildConfiguration;
			buildSettings = {
				BUNDLE_LOADER = "$(TEST_HOST)";
				INFOPLIST_FILE = guitarTeacher.finalProjectTests/Info.plist;
				LD_RUNPATH_SEARCH_PATHS = "$(inherited) @executable_path/Frameworks @loader_path/Frameworks";
				PRODUCT_BUNDLE_IDENTIFIER = "Valerie.guitarTeacher-finalProjectTests";
				PRODUCT_NAME = "$(TARGET_NAME)";
				TEST_HOST = "$(BUILT_PRODUCTS_DIR)/guitarTeacher.finalProject.app/guitarTeacher.finalProject";
			};
			name = Debug;
		};
		3F70E00E1C0DFF28003B36D2 /* Release */ = {
			isa = XCBuildConfiguration;
			buildSettings = {
				BUNDLE_LOADER = "$(TEST_HOST)";
				INFOPLIST_FILE = guitarTeacher.finalProjectTests/Info.plist;
				LD_RUNPATH_SEARCH_PATHS = "$(inherited) @executable_path/Frameworks @loader_path/Frameworks";
				PRODUCT_BUNDLE_IDENTIFIER = "Valerie.guitarTeacher-finalProjectTests";
				PRODUCT_NAME = "$(TARGET_NAME)";
				TEST_HOST = "$(BUILT_PRODUCTS_DIR)/guitarTeacher.finalProject.app/guitarTeacher.finalProject";
			};
			name = Release;
		};
		3F70E0101C0DFF28003B36D2 /* Debug */ = {
			isa = XCBuildConfiguration;
			buildSettings = {
				INFOPLIST_FILE = guitarTeacher.finalProjectUITests/Info.plist;
				LD_RUNPATH_SEARCH_PATHS = "$(inherited) @executable_path/Frameworks @loader_path/Frameworks";
				PRODUCT_BUNDLE_IDENTIFIER = "Valerie.guitarTeacher-finalProjectUITests";
				PRODUCT_NAME = "$(TARGET_NAME)";
				TEST_TARGET_NAME = guitarTeacher.finalProject;
				USES_XCTRUNNER = YES;
			};
			name = Debug;
		};
		3F70E0111C0DFF28003B36D2 /* Release */ = {
			isa = XCBuildConfiguration;
			buildSettings = {
				INFOPLIST_FILE = guitarTeacher.finalProjectUITests/Info.plist;
				LD_RUNPATH_SEARCH_PATHS = "$(inherited) @executable_path/Frameworks @loader_path/Frameworks";
				PRODUCT_BUNDLE_IDENTIFIER = "Valerie.guitarTeacher-finalProjectUITests";
				PRODUCT_NAME = "$(TARGET_NAME)";
				TEST_TARGET_NAME = guitarTeacher.finalProject;
				USES_XCTRUNNER = YES;
			};
			name = Release;
		};
/* End XCBuildConfiguration section */

/* Begin XCConfigurationList section */
		3F70DFDC1C0DFF27003B36D2 /* Build configuration list for PBXProject "guitarTeacher.finalProject" */ = {
			isa = XCConfigurationList;
			buildConfigurations = (
				3F70E0071C0DFF28003B36D2 /* Debug */,
				3F70E0081C0DFF28003B36D2 /* Release */,
			);
			defaultConfigurationIsVisible = 0;
			defaultConfigurationName = Release;
		};
		3F70E0091C0DFF28003B36D2 /* Build configuration list for PBXNativeTarget "guitarTeacher.finalProject" */ = {
			isa = XCConfigurationList;
			buildConfigurations = (
				3F70E00A1C0DFF28003B36D2 /* Debug */,
				3F70E00B1C0DFF28003B36D2 /* Release */,
			);
			defaultConfigurationIsVisible = 0;
		};
		3F70E00C1C0DFF28003B36D2 /* Build configuration list for PBXNativeTarget "guitarTeacher.finalProjectTests" */ = {
			isa = XCConfigurationList;
			buildConfigurations = (
				3F70E00D1C0DFF28003B36D2 /* Debug */,
				3F70E00E1C0DFF28003B36D2 /* Release */,
			);
			defaultConfigurationIsVisible = 0;
		};
		3F70E00F1C0DFF28003B36D2 /* Build configuration list for PBXNativeTarget "guitarTeacher.finalProjectUITests" */ = {
			isa = XCConfigurationList;
			buildConfigurations = (
				3F70E0101C0DFF28003B36D2 /* Debug */,
				3F70E0111C0DFF28003B36D2 /* Release */,
			);
			defaultConfigurationIsVisible = 0;
		};
/* End XCConfigurationList section */
	};
	rootObject = 3F70DFD91C0DFF27003B36D2 /* Project object */;
}
